
Microsoft Visual Studio Solution File, Format Version 12.00
# Visual Studio Version 17
VisualStudioVersion = 17.14.36429.23 d17.14
MinimumVisualStudioVersion = 10.0.40219.1
Project("{FAE04EC0-301F-11D3-BF4B-00C04F79EFBC}") = "Pet-Shop-Project", "Pet-Shop-Project.csproj", "{6F3BE301-B55E-47CA-A1A0-CEC847B2E0EA}"
EndProject
Global
	GlobalSection(SolutionConfigurationPlatforms) = preSolution
		Debug|Any CPU = Debug|Any CPU
		Release|Any CPU = Release|Any CPU
	EndGlobalSection
	GlobalSection(ProjectConfigurationPlatforms) = postSolution
		{6F3BE301-B55E-47CA-A1A0-CEC847B2E0EA}.Debug|Any CPU.ActiveCfg = Debug|Any CPU
		{6F3BE301-B55E-47CA-A1A0-CEC847B2E0EA}.Debug|Any CPU.Build.0 = Debug|Any CPU
		{6F3BE301-B55E-47CA-A1A0-CEC847B2E0EA}.Release|Any CPU.ActiveCfg = Release|Any CPU
		{6F3BE301-B55E-47CA-A1A0-CEC847B2E0EA}.Release|Any CPU.Build.0 = Release|Any CPU
	EndGlobalSection
	GlobalSection(SolutionProperties) = preSolution
		HideSolutionNode = FALSE
	EndGlobalSection
	GlobalSection(ExtensibilityGlobals) = postSolution
		SolutionGuid = {10A0AFCC-E2B4-4310-861E-BAF73E04C68A}
	EndGlobalSection
EndGlobal
